
Microsoft Visual Studio Solution File, Format Version 12.00
# Visual Studio Version 17
VisualStudioVersion = 17.5.33516.290
MinimumVisualStudioVersion = 10.0.40219.1
Project("{FAE04EC0-301F-11D3-BF4B-00C04F79EFBC}") = "AntAlgoritm", "AntAlgoritm\AntAlgoritm.csproj", "{EA2BD546-D910-4137-902E-E5B367C3E35A}"
EndProject
Global
	GlobalSection(SolutionConfigurationPlatforms) = preSolution
		Debug|Any CPU = Debug|Any CPU
		Release|Any CPU = Release|Any CPU
	EndGlobalSection
	GlobalSection(ProjectConfigurationPlatforms) = postSolution
		{EA2BD546-D910-4137-902E-E5B367C3E35A}.Debug|Any CPU.ActiveCfg = Debug|Any CPU
		{EA2BD546-D910-4137-902E-E5B367C3E35A}.Debug|Any CPU.Build.0 = Debug|Any CPU
		{EA2BD546-D910-4137-902E-E5B367C3E35A}.Release|Any CPU.ActiveCfg = Release|Any CPU
		{EA2BD546-D910-4137-902E-E5B367C3E35A}.Release|Any CPU.Build.0 = Release|Any CPU
	EndGlobalSection
	GlobalSection(SolutionProperties) = preSolution
		HideSolutionNode = FALSE
	EndGlobalSection
	GlobalSection(ExtensibilityGlobals) = postSolution
		SolutionGuid = {EFDBF0D0-3209-4B6F-8EFF-B1C64D112DD0}
	EndGlobalSection
EndGlobal
